
Microsoft Visual Studio Solution File, Format Version 12.00
# Visual Studio Version 17
VisualStudioVersion = 17.7.34221.43
MinimumVisualStudioVersion = 10.0.40219.1
Project("{FAE04EC0-301F-11D3-BF4B-00C04F79EFBC}") = "Client", "Client\Client.csproj", "{66096226-99F9-4042-A83A-EAFB82C633DC}"
EndProject
Project("{FAE04EC0-301F-11D3-BF4B-00C04F79EFBC}") = "Api", "Api\Api.csproj", "{84A7EAC0-2EDF-4A50-95BC-909497579265}"
EndProject
Global
	GlobalSection(SolutionConfigurationPlatforms) = preSolution
		Debug|Any CPU = Debug|Any CPU
		Release|Any CPU = Release|Any CPU
	EndGlobalSection
	GlobalSection(ProjectConfigurationPlatforms) = postSolution
		{66096226-99F9-4042-A83A-EAFB82C633DC}.Debug|Any CPU.ActiveCfg = Debug|Any CPU
		{66096226-99F9-4042-A83A-EAFB82C633DC}.Debug|Any CPU.Build.0 = Debug|Any CPU
		{66096226-99F9-4042-A83A-EAFB82C633DC}.Release|Any CPU.ActiveCfg = Release|Any CPU
		{66096226-99F9-4042-A83A-EAFB82C633DC}.Release|Any CPU.Build.0 = Release|Any CPU
		{84A7EAC0-2EDF-4A50-95BC-909497579265}.Debug|Any CPU.ActiveCfg = Debug|Any CPU
		{84A7EAC0-2EDF-4A50-95BC-909497579265}.Debug|Any CPU.Build.0 = Debug|Any CPU
		{84A7EAC0-2EDF-4A50-95BC-909497579265}.Release|Any CPU.ActiveCfg = Release|Any CPU
		{84A7EAC0-2EDF-4A50-95BC-909497579265}.Release|Any CPU.Build.0 = Release|Any CPU
	EndGlobalSection
	GlobalSection(SolutionProperties) = preSolution
		HideSolutionNode = FALSE
	EndGlobalSection
	GlobalSection(ExtensibilityGlobals) = postSolution
		SolutionGuid = {F4D96440-C6C7-4E33-9CE6-A3FF2B12237A}
	EndGlobalSection
EndGlobal
